
Microsoft Visual Studio Solution File, Format Version 12.00
# Visual Studio Version 17
VisualStudioVersion = 17.8.34322.80
MinimumVisualStudioVersion = 10.0.40219.1
Project("{9A19103F-16F7-4668-BE54-9A1E7A4F7556}") = "SE172266.ProductManagement.API", "SE172266.ProductManagement.API\SE172266.ProductManagement.API.csproj", "{9B7C0882-56BA-4F59-8AB8-D0A9124F4003}"
EndProject
Project("{9A19103F-16F7-4668-BE54-9A1E7A4F7556}") = "SE172266.ProductManagement.Repo", "SE172266.ProductManagement.Repo\SE172266.ProductManagement.Repo.csproj", "{0E445F10-FBA1-4019-BF85-CE4F50D1BD32}"
EndProject
Project("{E53339B2-1760-4266-BCC7-CA923CBCF16C}") = "docker-compose", "docker-compose.dcproj", "{353E282E-6F49-4C8B-A0C5-2A0B0E129598}"
EndProject
Global
	GlobalSection(SolutionConfigurationPlatforms) = preSolution
		Debug|Any CPU = Debug|Any CPU
		Release|Any CPU = Release|Any CPU
	EndGlobalSection
	GlobalSection(ProjectConfigurationPlatforms) = postSolution
		{9B7C0882-56BA-4F59-8AB8-D0A9124F4003}.Debug|Any CPU.ActiveCfg = Debug|Any CPU
		{9B7C0882-56BA-4F59-8AB8-D0A9124F4003}.Debug|Any CPU.Build.0 = Debug|Any CPU
		{9B7C0882-56BA-4F59-8AB8-D0A9124F4003}.Release|Any CPU.ActiveCfg = Release|Any CPU
		{9B7C0882-56BA-4F59-8AB8-D0A9124F4003}.Release|Any CPU.Build.0 = Release|Any CPU
		{0E445F10-FBA1-4019-BF85-CE4F50D1BD32}.Debug|Any CPU.ActiveCfg = Debug|Any CPU
		{0E445F10-FBA1-4019-BF85-CE4F50D1BD32}.Debug|Any CPU.Build.0 = Debug|Any CPU
		{0E445F10-FBA1-4019-BF85-CE4F50D1BD32}.Release|Any CPU.ActiveCfg = Release|Any CPU
		{0E445F10-FBA1-4019-BF85-CE4F50D1BD32}.Release|Any CPU.Build.0 = Release|Any CPU
		{353E282E-6F49-4C8B-A0C5-2A0B0E129598}.Debug|Any CPU.ActiveCfg = Debug|Any CPU
		{353E282E-6F49-4C8B-A0C5-2A0B0E129598}.Debug|Any CPU.Build.0 = Debug|Any CPU
		{353E282E-6F49-4C8B-A0C5-2A0B0E129598}.Release|Any CPU.ActiveCfg = Release|Any CPU
		{353E282E-6F49-4C8B-A0C5-2A0B0E129598}.Release|Any CPU.Build.0 = Release|Any CPU
	EndGlobalSection
	GlobalSection(SolutionProperties) = preSolution
		HideSolutionNode = FALSE
	EndGlobalSection
	GlobalSection(ExtensibilityGlobals) = postSolution
		SolutionGuid = {CC9A799F-999F-4BFD-A0C7-E86F7B5B049E}
	EndGlobalSection
EndGlobal
